
Microsoft Visual Studio Solution File, Format Version 12.00
# Visual Studio Version 17
VisualStudioVersion = 17.2.32616.157
MinimumVisualStudioVersion = 10.0.40219.1
Project("{9A19103F-16F7-4668-BE54-9A1E7A4F7556}") = "Datatypes and Variables", "Datatypes and Variables\Datatypes and Variables.csproj", "{972EE18A-EFA8-4BE6-A710-25D289DA70FA}"
EndProject
Project("{9A19103F-16F7-4668-BE54-9A1E7A4F7556}") = "Implicit and Explicit Conversion", "Implicit and Explicit Conversion\Implicit and Explicit Conversion.csproj", "{90C562F3-CED3-4360-AE85-4DC413B75C95}"
EndProject
Project("{9A19103F-16F7-4668-BE54-9A1E7A4F7556}") = "String Manipulation", "String Manipulation\String Manipulation.csproj", "{1EE3A223-670C-4ED8-B2C6-AD45BBE6EA4D}"
EndProject
Project("{9A19103F-16F7-4668-BE54-9A1E7A4F7556}") = "Functions and How To Save Time", "Functions and How To Save Time\Functions and How To Save Time.csproj", "{20ACA1C4-BAE2-4CB2-A42E-47884CE4C32E}"
EndProject
Project("{9A19103F-16F7-4668-BE54-9A1E7A4F7556}") = "Try Catch Exceptions", "Try Catch Exceptions\Try Catch Exceptions.csproj", "{0F25A6C6-B930-47E0-93DE-29684B455806}"
EndProject
Project("{9A19103F-16F7-4668-BE54-9A1E7A4F7556}") = "Operators", "Operators\Operators.csproj", "{61F6A2C3-62C2-4AA1-9227-CC728533F38D}"
EndProject
Project("{9A19103F-16F7-4668-BE54-9A1E7A4F7556}") = "Making Decisions", "Making Decisions\Making Decisions.csproj", "{78BF7FED-662E-4401-A5CB-139EAC7B856E}"
EndProject
Project("{9A19103F-16F7-4668-BE54-9A1E7A4F7556}") = "Login System", "Login System\Login System.csproj", "{33251878-13F2-4276-AF59-A3EE739902C6}"
EndProject
Project("{9A19103F-16F7-4668-BE54-9A1E7A4F7556}") = "Switch Case", "Switch Case\Switch Case.csproj", "{AECF2B77-3DB0-4F39-831C-438502A4ABEE}"
EndProject
Project("{9A19103F-16F7-4668-BE54-9A1E7A4F7556}") = "ScorePlayers", "ScorePlayers\ScorePlayers.csproj", "{E10F293C-6F7A-455C-8A0E-8907BE0D6B7B}"
EndProject
Project("{9A19103F-16F7-4668-BE54-9A1E7A4F7556}") = "Enhanced if Statement- Ternary Operator", "Enhanced if Statement- Ternary Operator\Enhanced if Statement- Ternary Operator.csproj", "{27EDB87F-3638-41F6-86C0-FB9D9D5C936F}"
EndProject
Project("{9A19103F-16F7-4668-BE54-9A1E7A4F7556}") = "Loops", "Loops\Loops.csproj", "{2CA46C7F-7D98-41F0-9788-F419F8857903}"
EndProject
Project("{9A19103F-16F7-4668-BE54-9A1E7A4F7556}") = "Object Oriented Programming", "Object Oriented Programming\Object Oriented Programming.csproj", "{8FD44615-D820-4D37-981D-550A52E5A627}"
EndProject
Project("{9A19103F-16F7-4668-BE54-9A1E7A4F7556}") = "OOP- Properties part 1", "OOP- Properties part 1\OOP- Properties part 1.csproj", "{BAB67ADC-F361-4A6C-AD06-5AEF1C167EE1}"
EndProject
Project("{9A19103F-16F7-4668-BE54-9A1E7A4F7556}") = "OOP - Members and Finalize or Desctructor", "OOP - Members and Finalize or Desctructor\OOP - Members and Finalize or Desctructor.csproj", "{42BD5B01-13E8-4FF9-819E-F111A8C58968}"
EndProject
Project("{9A19103F-16F7-4668-BE54-9A1E7A4F7556}") = "Collections In CS - Array", "Collections In CS - Array\Collections In CS - Array.csproj", "{34859BA6-DC34-4C2A-B99D-C7E9376A98B8}"
EndProject
Project("{FAE04EC0-301F-11D3-BF4B-00C04F79EFBC}") = "Multi Dimensional Array", "Multi Dimensional Array\Multi Dimensional Array.csproj", "{6B6F691F-CED1-43D3-BC0F-0B42F0E50669}"
EndProject
Global
	GlobalSection(SolutionConfigurationPlatforms) = preSolution
		Debug|Any CPU = Debug|Any CPU
		Release|Any CPU = Release|Any CPU
	EndGlobalSection
	GlobalSection(ProjectConfigurationPlatforms) = postSolution
		{972EE18A-EFA8-4BE6-A710-25D289DA70FA}.Debug|Any CPU.ActiveCfg = Debug|Any CPU
		{972EE18A-EFA8-4BE6-A710-25D289DA70FA}.Debug|Any CPU.Build.0 = Debug|Any CPU
		{972EE18A-EFA8-4BE6-A710-25D289DA70FA}.Release|Any CPU.ActiveCfg = Release|Any CPU
		{972EE18A-EFA8-4BE6-A710-25D289DA70FA}.Release|Any CPU.Build.0 = Release|Any CPU
		{90C562F3-CED3-4360-AE85-4DC413B75C95}.Debug|Any CPU.ActiveCfg = Debug|Any CPU
		{90C562F3-CED3-4360-AE85-4DC413B75C95}.Debug|Any CPU.Build.0 = Debug|Any CPU
		{90C562F3-CED3-4360-AE85-4DC413B75C95}.Release|Any CPU.ActiveCfg = Release|Any CPU
		{90C562F3-CED3-4360-AE85-4DC413B75C95}.Release|Any CPU.Build.0 = Release|Any CPU
		{1EE3A223-670C-4ED8-B2C6-AD45BBE6EA4D}.Debug|Any CPU.ActiveCfg = Debug|Any CPU
		{1EE3A223-670C-4ED8-B2C6-AD45BBE6EA4D}.Debug|Any CPU.Build.0 = Debug|Any CPU
		{1EE3A223-670C-4ED8-B2C6-AD45BBE6EA4D}.Release|Any CPU.ActiveCfg = Release|Any CPU
		{1EE3A223-670C-4ED8-B2C6-AD45BBE6EA4D}.Release|Any CPU.Build.0 = Release|Any CPU
		{20ACA1C4-BAE2-4CB2-A42E-47884CE4C32E}.Debug|Any CPU.ActiveCfg = Debug|Any CPU
		{20ACA1C4-BAE2-4CB2-A42E-47884CE4C32E}.Debug|Any CPU.Build.0 = Debug|Any CPU
		{20ACA1C4-BAE2-4CB2-A42E-47884CE4C32E}.Release|Any CPU.ActiveCfg = Release|Any CPU
		{20ACA1C4-BAE2-4CB2-A42E-47884CE4C32E}.Release|Any CPU.Build.0 = Release|Any CPU
		{0F25A6C6-B930-47E0-93DE-29684B455806}.Debug|Any CPU.ActiveCfg = Debug|Any CPU
		{0F25A6C6-B930-47E0-93DE-29684B455806}.Debug|Any CPU.Build.0 = Debug|Any CPU
		{0F25A6C6-B930-47E0-93DE-29684B455806}.Release|Any CPU.ActiveCfg = Release|Any CPU
		{0F25A6C6-B930-47E0-93DE-29684B455806}.Release|Any CPU.Build.0 = Release|Any CPU
		{61F6A2C3-62C2-4AA1-9227-CC728533F38D}.Debug|Any CPU.ActiveCfg = Debug|Any CPU
		{61F6A2C3-62C2-4AA1-9227-CC728533F38D}.Debug|Any CPU.Build.0 = Debug|Any CPU
		{61F6A2C3-62C2-4AA1-9227-CC728533F38D}.Release|Any CPU.ActiveCfg = Release|Any CPU
		{61F6A2C3-62C2-4AA1-9227-CC728533F38D}.Release|Any CPU.Build.0 = Release|Any CPU
		{78BF7FED-662E-4401-A5CB-139EAC7B856E}.Debug|Any CPU.ActiveCfg = Debug|Any CPU
		{78BF7FED-662E-4401-A5CB-139EAC7B856E}.Debug|Any CPU.Build.0 = Debug|Any CPU
		{78BF7FED-662E-4401-A5CB-139EAC7B856E}.Release|Any CPU.ActiveCfg = Release|Any CPU
		{78BF7FED-662E-4401-A5CB-139EAC7B856E}.Release|Any CPU.Build.0 = Release|Any CPU
		{33251878-13F2-4276-AF59-A3EE739902C6}.Debug|Any CPU.ActiveCfg = Debug|Any CPU
		{33251878-13F2-4276-AF59-A3EE739902C6}.Debug|Any CPU.Build.0 = Debug|Any CPU
		{33251878-13F2-4276-AF59-A3EE739902C6}.Release|Any CPU.ActiveCfg = Release|Any CPU
		{33251878-13F2-4276-AF59-A3EE739902C6}.Release|Any CPU.Build.0 = Release|Any CPU
		{AECF2B77-3DB0-4F39-831C-438502A4ABEE}.Debug|Any CPU.ActiveCfg = Debug|Any CPU
		{AECF2B77-3DB0-4F39-831C-438502A4ABEE}.Debug|Any CPU.Build.0 = Debug|Any CPU
		{AECF2B77-3DB0-4F39-831C-438502A4ABEE}.Release|Any CPU.ActiveCfg = Release|Any CPU
		{AECF2B77-3DB0-4F39-831C-438502A4ABEE}.Release|Any CPU.Build.0 = Release|Any CPU
		{E10F293C-6F7A-455C-8A0E-8907BE0D6B7B}.Debug|Any CPU.ActiveCfg = Debug|Any CPU
		{E10F293C-6F7A-455C-8A0E-8907BE0D6B7B}.Debug|Any CPU.Build.0 = Debug|Any CPU
		{E10F293C-6F7A-455C-8A0E-8907BE0D6B7B}.Release|Any CPU.ActiveCfg = Release|Any CPU
		{E10F293C-6F7A-455C-8A0E-8907BE0D6B7B}.Release|Any CPU.Build.0 = Release|Any CPU
		{27EDB87F-3638-41F6-86C0-FB9D9D5C936F}.Debug|Any CPU.ActiveCfg = Debug|Any CPU
		{27EDB87F-3638-41F6-86C0-FB9D9D5C936F}.Debug|Any CPU.Build.0 = Debug|Any CPU
		{27EDB87F-3638-41F6-86C0-FB9D9D5C936F}.Release|Any CPU.ActiveCfg = Release|Any CPU
		{27EDB87F-3638-41F6-86C0-FB9D9D5C936F}.Release|Any CPU.Build.0 = Release|Any CPU
		{2CA46C7F-7D98-41F0-9788-F419F8857903}.Debug|Any CPU.ActiveCfg = Debug|Any CPU
		{2CA46C7F-7D98-41F0-9788-F419F8857903}.Debug|Any CPU.Build.0 = Debug|Any CPU
		{2CA46C7F-7D98-41F0-9788-F419F8857903}.Release|Any CPU.ActiveCfg = Release|Any CPU
		{2CA46C7F-7D98-41F0-9788-F419F8857903}.Release|Any CPU.Build.0 = Release|Any CPU
		{8FD44615-D820-4D37-981D-550A52E5A627}.Debug|Any CPU.ActiveCfg = Debug|Any CPU
		{8FD44615-D820-4D37-981D-550A52E5A627}.Debug|Any CPU.Build.0 = Debug|Any CPU
		{8FD44615-D820-4D37-981D-550A52E5A627}.Release|Any CPU.ActiveCfg = Release|Any CPU
		{8FD44615-D820-4D37-981D-550A52E5A627}.Release|Any CPU.Build.0 = Release|Any CPU
		{BAB67ADC-F361-4A6C-AD06-5AEF1C167EE1}.Debug|Any CPU.ActiveCfg = Debug|Any CPU
		{BAB67ADC-F361-4A6C-AD06-5AEF1C167EE1}.Debug|Any CPU.Build.0 = Debug|Any CPU
		{BAB67ADC-F361-4A6C-AD06-5AEF1C167EE1}.Release|Any CPU.ActiveCfg = Release|Any CPU
		{BAB67ADC-F361-4A6C-AD06-5AEF1C167EE1}.Release|Any CPU.Build.0 = Release|Any CPU
		{42BD5B01-13E8-4FF9-819E-F111A8C58968}.Debug|Any CPU.ActiveCfg = Debug|Any CPU
		{42BD5B01-13E8-4FF9-819E-F111A8C58968}.Debug|Any CPU.Build.0 = Debug|Any CPU
		{42BD5B01-13E8-4FF9-819E-F111A8C58968}.Release|Any CPU.ActiveCfg = Release|Any CPU
		{42BD5B01-13E8-4FF9-819E-F111A8C58968}.Release|Any CPU.Build.0 = Release|Any CPU
		{34859BA6-DC34-4C2A-B99D-C7E9376A98B8}.Debug|Any CPU.ActiveCfg = Debug|Any CPU
		{34859BA6-DC34-4C2A-B99D-C7E9376A98B8}.Debug|Any CPU.Build.0 = Debug|Any CPU
		{34859BA6-DC34-4C2A-B99D-C7E9376A98B8}.Release|Any CPU.ActiveCfg = Release|Any CPU
		{34859BA6-DC34-4C2A-B99D-C7E9376A98B8}.Release|Any CPU.Build.0 = Release|Any CPU
		{6B6F691F-CED1-43D3-BC0F-0B42F0E50669}.Debug|Any CPU.ActiveCfg = Debug|Any CPU
		{6B6F691F-CED1-43D3-BC0F-0B42F0E50669}.Debug|Any CPU.Build.0 = Debug|Any CPU
		{6B6F691F-CED1-43D3-BC0F-0B42F0E50669}.Release|Any CPU.ActiveCfg = Release|Any CPU
		{6B6F691F-CED1-43D3-BC0F-0B42F0E50669}.Release|Any CPU.Build.0 = Release|Any CPU
	EndGlobalSection
	GlobalSection(SolutionProperties) = preSolution
		HideSolutionNode = FALSE
	EndGlobalSection
	GlobalSection(ExtensibilityGlobals) = postSolution
		SolutionGuid = {4CAFF70D-82B7-479E-AD4F-9D3B8E6EA573}
	EndGlobalSection
EndGlobal
